{
  "name": "d514",
  "requires": true,
  "lockfileVersion": 1,
  "dependencies": {
    "@hscmap/keybind": {
      "version": "0.0.1",
      "resolved": "https://registry.npmjs.org/@hscmap/keybind/-/keybind-0.0.1.tgz",
      "integrity": "sha512-cylZ6rDgLEJxTkx2dCK03Gi/w0U0NnUJ1eGzU2s1Ew+BKIOWy0eIdHMzpD3VkT8XsJcyTr4OT+r+7oQXinG5Jw=="
    },
    "@hscmap/vue-menu": {
      "version": "1.4.0",
      "resolved": "https://registry.npmjs.org/@hscmap/vue-menu/-/vue-menu-1.4.0.tgz",
      "integrity": "sha512-4a2IRbCk37HJ5dnma7RugT6Ne9+fIuEqP4pPCGrCdNk15A6npHMHcVcbkuKtFdVy7Q6vHeNyD2j+2WOuEMPsbA==",
      "requires": {
        "@hscmap/keybind": "0.0.1",
        "es6-promise": "4.2.2",
        "tslib": "1.8.1",
        "vue": "2.5.13",
        "vue-class-component": "6.1.2",
        "vue-property-decorator": "6.0.0"
      },
      "dependencies": {
        "vue": {
          "version": "2.5.13",
          "resolved": "https://registry.npmjs.org/vue/-/vue-2.5.13.tgz",
          "integrity": "sha512-3D+lY7HTkKbtswDM4BBHgqyq+qo8IAEE8lz8va1dz3LLmttjgo0FxairO4r1iN2OBqk8o1FyL4hvzzTFEdQSEw=="
        }
      }
    },
    "es6-promise": {
      "version": "4.2.2",
      "resolved": "https://registry.npmjs.org/es6-promise/-/es6-promise-4.2.2.tgz",
      "integrity": "sha512-LSas5vsuA6Q4nEdf9wokY5/AJYXry98i0IzXsv49rYsgDGDNDPbqAYR1Pe23iFxygfbGZNR/5VrHXBCh2BhvUQ=="
    },
    "reflect-metadata": {
      "version": "0.1.12",
      "resolved": "https://registry.npmjs.org/reflect-metadata/-/reflect-metadata-0.1.12.tgz",
      "integrity": "sha512-n+IyV+nGz3+0q3/Yf1ra12KpCyi001bi4XFxSjbiWWjfqb52iTTtpGXmCCAOWWIAn9KEuFZKGqBERHmrtScZ3A=="
    },
    "tslib": {
      "version": "1.8.1",
      "resolved": "https://registry.npmjs.org/tslib/-/tslib-1.8.1.tgz",
      "integrity": "sha1-aUavLR1lGnsYY7Ux1uWvpBqkTqw="
    },
    "vue-class-component": {
      "version": "6.1.2",
      "resolved": "https://registry.npmjs.org/vue-class-component/-/vue-class-component-6.1.2.tgz",
      "integrity": "sha512-DF0PIhpBDiQdr+Rofd3HQ79N722hMVPQ8PDMt9vCD4Q7vCnOE3Dgn75ZuvRPYrNvkJtn26HWgwgR83XcJGmxGA=="
    },
    "vue-property-decorator": {
      "version": "6.0.0",
      "resolved": "https://registry.npmjs.org/vue-property-decorator/-/vue-property-decorator-6.0.0.tgz",
      "integrity": "sha1-u2UbKTVC4x2w0k829LAlDvCNhRU=",
      "requires": {
        "reflect-metadata": "0.1.12",
        "vue-class-component": "6.1.2"
      }
    }
  }
}
